
Microsoft Visual Studio Solution File, Format Version 12.00
Project("{FAE04EC0-301F-11D3-BF4B-00C04F79EFBC}") = "BlazorFlüggerSep", "BlazorFlüggerSep\BlazorFlüggerSep.csproj", "{49418C23-7F6D-4C3A-9EE5-C70FC7E11205}"
EndProject
Project("{FAE04EC0-301F-11D3-BF4B-00C04F79EFBC}") = "Domain", "Domain\Domain.csproj", "{78734C13-169C-4780-8607-BB3E1E6F3AAB}"
EndProject
Project("{FAE04EC0-301F-11D3-BF4B-00C04F79EFBC}") = "Web API", "Web API\Web API.csproj", "{4480A64A-937C-4B1F-A4FB-57276A41C816}"
EndProject
Project("{FAE04EC0-301F-11D3-BF4B-00C04F79EFBC}") = "Application", "Application\Application.csproj", "{83E8BD71-B694-4C4B-8D3D-E08A897D3C7A}"
EndProject
Project("{FAE04EC0-301F-11D3-BF4B-00C04F79EFBC}") = "DataBaseAccess", "DataBaseAccess\DataBaseAccess.csproj", "{4D65AE79-CE94-47AB-9051-8F6286980128}"
EndProject
Project("{FAE04EC0-301F-11D3-BF4B-00C04F79EFBC}") = "HttpClients", "HttpClients\HttpClients.csproj", "{212EA49D-21E8-43FE-96D0-636A87DE7216}"
EndProject
Project("{FAE04EC0-301F-11D3-BF4B-00C04F79EFBC}") = "BlazorFlüggerAdmin", "BlazorFlüggerAdmin\BlazorFlüggerAdmin.csproj", "{C7310724-04E9-4FE9-8F87-F1A24048B6F6}"
EndProject
Global
	GlobalSection(SolutionConfigurationPlatforms) = preSolution
		Debug|Any CPU = Debug|Any CPU
		Release|Any CPU = Release|Any CPU
	EndGlobalSection
	GlobalSection(ProjectConfigurationPlatforms) = postSolution
		{49418C23-7F6D-4C3A-9EE5-C70FC7E11205}.Debug|Any CPU.ActiveCfg = Debug|Any CPU
		{49418C23-7F6D-4C3A-9EE5-C70FC7E11205}.Debug|Any CPU.Build.0 = Debug|Any CPU
		{49418C23-7F6D-4C3A-9EE5-C70FC7E11205}.Release|Any CPU.ActiveCfg = Release|Any CPU
		{49418C23-7F6D-4C3A-9EE5-C70FC7E11205}.Release|Any CPU.Build.0 = Release|Any CPU
		{78734C13-169C-4780-8607-BB3E1E6F3AAB}.Debug|Any CPU.ActiveCfg = Debug|Any CPU
		{78734C13-169C-4780-8607-BB3E1E6F3AAB}.Debug|Any CPU.Build.0 = Debug|Any CPU
		{78734C13-169C-4780-8607-BB3E1E6F3AAB}.Release|Any CPU.ActiveCfg = Release|Any CPU
		{78734C13-169C-4780-8607-BB3E1E6F3AAB}.Release|Any CPU.Build.0 = Release|Any CPU
		{4480A64A-937C-4B1F-A4FB-57276A41C816}.Debug|Any CPU.ActiveCfg = Debug|Any CPU
		{4480A64A-937C-4B1F-A4FB-57276A41C816}.Debug|Any CPU.Build.0 = Debug|Any CPU
		{4480A64A-937C-4B1F-A4FB-57276A41C816}.Release|Any CPU.ActiveCfg = Release|Any CPU
		{4480A64A-937C-4B1F-A4FB-57276A41C816}.Release|Any CPU.Build.0 = Release|Any CPU
		{83E8BD71-B694-4C4B-8D3D-E08A897D3C7A}.Debug|Any CPU.ActiveCfg = Debug|Any CPU
		{83E8BD71-B694-4C4B-8D3D-E08A897D3C7A}.Debug|Any CPU.Build.0 = Debug|Any CPU
		{83E8BD71-B694-4C4B-8D3D-E08A897D3C7A}.Release|Any CPU.ActiveCfg = Release|Any CPU
		{83E8BD71-B694-4C4B-8D3D-E08A897D3C7A}.Release|Any CPU.Build.0 = Release|Any CPU
		{4D65AE79-CE94-47AB-9051-8F6286980128}.Debug|Any CPU.ActiveCfg = Debug|Any CPU
		{4D65AE79-CE94-47AB-9051-8F6286980128}.Debug|Any CPU.Build.0 = Debug|Any CPU
		{4D65AE79-CE94-47AB-9051-8F6286980128}.Release|Any CPU.ActiveCfg = Release|Any CPU
		{4D65AE79-CE94-47AB-9051-8F6286980128}.Release|Any CPU.Build.0 = Release|Any CPU
		{212EA49D-21E8-43FE-96D0-636A87DE7216}.Debug|Any CPU.ActiveCfg = Debug|Any CPU
		{212EA49D-21E8-43FE-96D0-636A87DE7216}.Debug|Any CPU.Build.0 = Debug|Any CPU
		{212EA49D-21E8-43FE-96D0-636A87DE7216}.Release|Any CPU.ActiveCfg = Release|Any CPU
		{212EA49D-21E8-43FE-96D0-636A87DE7216}.Release|Any CPU.Build.0 = Release|Any CPU
		{C7310724-04E9-4FE9-8F87-F1A24048B6F6}.Debug|Any CPU.ActiveCfg = Debug|Any CPU
		{C7310724-04E9-4FE9-8F87-F1A24048B6F6}.Debug|Any CPU.Build.0 = Debug|Any CPU
		{C7310724-04E9-4FE9-8F87-F1A24048B6F6}.Release|Any CPU.ActiveCfg = Release|Any CPU
		{C7310724-04E9-4FE9-8F87-F1A24048B6F6}.Release|Any CPU.Build.0 = Release|Any CPU
	EndGlobalSection
EndGlobal
