
Microsoft Visual Studio Solution File, Format Version 12.00
Project("{FAE04EC0-301F-11D3-BF4B-00C04F79EFBC}") = "FlüggerBlazor", "FlüggerBlazor\FlüggerBlazor.csproj", "{97E2E5EB-6A80-4088-B599-181A9F1115B6}"
EndProject
Global
	GlobalSection(SolutionConfigurationPlatforms) = preSolution
		Debug|Any CPU = Debug|Any CPU
		Release|Any CPU = Release|Any CPU
	EndGlobalSection
	GlobalSection(ProjectConfigurationPlatforms) = postSolution
		{97E2E5EB-6A80-4088-B599-181A9F1115B6}.Debug|Any CPU.ActiveCfg = Debug|Any CPU
		{97E2E5EB-6A80-4088-B599-181A9F1115B6}.Debug|Any CPU.Build.0 = Debug|Any CPU
		{97E2E5EB-6A80-4088-B599-181A9F1115B6}.Release|Any CPU.ActiveCfg = Release|Any CPU
		{97E2E5EB-6A80-4088-B599-181A9F1115B6}.Release|Any CPU.Build.0 = Release|Any CPU
	EndGlobalSection
EndGlobal
